
Microsoft Visual Studio Solution File, Format Version 12.00
# Visual Studio 15
VisualStudioVersion = 15.0.27428.2015
MinimumVisualStudioVersion = 10.0.40219.1
Project("{FAE04EC0-301F-11D3-BF4B-00C04F79EFBC}") = "Crunchyroll-Downloader", "Crunchyroll-Downloader\Crunchyroll-Downloader.csproj", "{32DEF568-AC8C-4A0F-822B-03A951A685EE}"
EndProject
Global
	GlobalSection(SolutionConfigurationPlatforms) = preSolution
		Debug|Any CPU = Debug|Any CPU
		Release|Any CPU = Release|Any CPU
	EndGlobalSection
	GlobalSection(ProjectConfigurationPlatforms) = postSolution
		{32DEF568-AC8C-4A0F-822B-03A951A685EE}.Debug|Any CPU.ActiveCfg = Debug|Any CPU
		{32DEF568-AC8C-4A0F-822B-03A951A685EE}.Debug|Any CPU.Build.0 = Debug|Any CPU
		{32DEF568-AC8C-4A0F-822B-03A951A685EE}.Release|Any CPU.ActiveCfg = Release|Any CPU
		{32DEF568-AC8C-4A0F-822B-03A951A685EE}.Release|Any CPU.Build.0 = Release|Any CPU
	EndGlobalSection
	GlobalSection(SolutionProperties) = preSolution
		HideSolutionNode = FALSE
	EndGlobalSection
	GlobalSection(ExtensibilityGlobals) = postSolution
		SolutionGuid = {E6F1BE99-6DED-4E62-85D7-476A50279956}
	EndGlobalSection
EndGlobal
